// !$*UTF8*$!
{
	archiveVersion = 1;
	classes = {
	};
	objectVersion = 46;
	objects = {

/* Begin PBXBuildFile section */
		0914434D1C1B51CB00147553 /* SettingsViewController.swift in Sources */ = {isa = PBXBuildFile; fileRef = 0914434C1C1B51CB00147553 /* SettingsViewController.swift */; };
		09BB90541C1A890500CDBDDB /* AppDelegate.swift in Sources */ = {isa = PBXBuildFile; fileRef = 09BB90531C1A890500CDBDDB /* AppDelegate.swift */; };
		09BB90561C1A890500CDBDDB /* ViewController.swift in Sources */ = {isa = PBXBuildFile; fileRef = 09BB90551C1A890500CDBDDB /* ViewController.swift */; };
		09BB90591C1A890500CDBDDB /* Main.storyboard in Resources */ = {isa = PBXBuildFile; fileRef = 09BB90571C1A890500CDBDDB /* Main.storyboard */; };
		09BB905B1C1A890500CDBDDB /* Assets.xcassets in Resources */ = {isa = PBXBuildFile; fileRef = 09BB905A1C1A890500CDBDDB /* Assets.xcassets */; };
		09BB905E1C1A890500CDBDDB /* LaunchScreen.storyboard in Resources */ = {isa = PBXBuildFile; fileRef = 09BB905C1C1A890500CDBDDB /* LaunchScreen.storyboard */; };
/* End PBXBuildFile section */

/* Begin PBXFileReference section */
		0914434C1C1B51CB00147553 /* SettingsViewController.swift */ = {isa = PBXFileReference; fileEncoding = 4; lastKnownFileType = sourcecode.swift; path = SettingsViewController.swift; sourceTree = "<group>"; };
		09BB90501C1A890500CDBDDB /* TipCalc.app */ = {isa = PBXFileReference; explicitFileType = wrapper.application; includeInIndex = 0; path = TipCalc.app; sourceTree = BUILT_PRODUCTS_DIR; };
		09BB90531C1A890500CDBDDB /* AppDelegate.swift */ = {isa = PBXFileReference; lastKnownFileType = sourcecode.swift; path = AppDelegate.swift; sourceTree = "<group>"; };
		09BB90551C1A890500CDBDDB /* ViewController.swift */ = {isa = PBXFileReference; lastKnownFileType = sourcecode.swift; path = ViewController.swift; sourceTree = "<group>"; };
		09BB90581C1A890500CDBDDB /* Base */ = {isa = PBXFileReference; lastKnownFileType = file.storyboard; name = Base; path = Base.lproj/Main.storyboard; sourceTree = "<group>"; };
		09BB905A1C1A890500CDBDDB /* Assets.xcassets */ = {isa = PBXFileReference; lastKnownFileType = folder.assetcatalog; path = Assets.xcassets; sourceTree = "<group>"; };
		09BB905D1C1A890500CDBDDB /* Base */ = {isa = PBXFileReference; lastKnownFileType = file.storyboard; name = Base; path = Base.lproj/LaunchScreen.storyboard; sourceTree = "<group>"; };
		09BB905F1C1A890500CDBDDB /* Info.plist */ = {isa = PBXFileReference; lastKnownFileType = text.plist.xml; path = Info.plist; sourceTree = "<group>"; };
/* End PBXFileReference section */

/* Begin PBXFrameworksBuildPhase section */
		09BB904D1C1A890500CDBDDB /* Frameworks */ = {
			isa = PBXFrameworksBuildPhase;
			buildActionMask = 2147483647;
			files = (
			);
			runOnlyForDeploymentPostprocessing = 0;
		};
/* End PBXFrameworksBuildPhase section */

/* Begin PBXGroup section */
		09BB90471C1A890500CDBDDB = {
			isa = PBXGroup;
			children = (
				09BB90521C1A890500CDBDDB /* TipCalc */,
				09BB90511C1A890500CDBDDB /* Products */,
			);
			sourceTree = "<group>";
		};
		09BB90511C1A890500CDBDDB /* Products */ = {
			isa = PBXGroup;
			children = (
				09BB90501C1A890500CDBDDB /* TipCalc.app */,
			);
			name = Products;
			sourceTree = "<group>";
		};
		09BB90521C1A890500CDBDDB /* TipCalc */ = {
			isa = PBXGroup;
			children = (
				09BB90531C1A890500CDBDDB /* AppDelegate.swift */,
				09BB90551C1A890500CDBDDB /* ViewController.swift */,
				0914434C1C1B51CB00147553 /* SettingsViewController.swift */,
				09BB90571C1A890500CDBDDB /* Main.storyboard */,
				09BB905A1C1A890500CDBDDB /* Assets.xcassets */,
				09BB905C1C1A890500CDBDDB /* LaunchScreen.storyboard */,
				09BB905F1C1A890500CDBDDB /* Info.plist */,
			);
			path = TipCalc;
			sourceTree = "<group>";
		};
/* End PBXGroup section */

/* Begin PBXNativeTarget section */
		09BB904F1C1A890500CDBDDB /* TipCalc */ = {
			isa = PBXNativeTarget;
			buildConfigurationList = 09BB90621C1A890500CDBDDB /* Build configuration list for PBXNativeTarget "TipCalc" */;
			buildPhases = (
				09BB904C1C1A890500CDBDDB /* Sources */,
				09BB904D1C1A890500CDBDDB /* Frameworks */,
				09BB904E1C1A890500CDBDDB /* Resources */,
			);
			buildRules = (
			);
			dependencies = (
			);
			name = TipCalc;
			productName = TipCalc;
			productReference = 09BB90501C1A890500CDBDDB /* TipCalc.app */;
			productType = "com.apple.product-type.application";
		};
/* End PBXNativeTarget section */

/* Begin PBXProject section */
		09BB90481C1A890500CDBDDB /* Project object */ = {
			isa = PBXProject;
			attributes = {
				LastSwiftUpdateCheck = 0720;
				LastUpgradeCheck = 0720;
				ORGANIZATIONNAME = "Fernando Rodríguez";
				TargetAttributes = {
					09BB904F1C1A890500CDBDDB = {
						CreatedOnToolsVersion = 7.2;
						DevelopmentTeam = 553V9FL967;
					};
				};
			};
			buildConfigurationList = 09BB904B1C1A890500CDBDDB /* Build configuration list for PBXProject "TipCalc" */;
			compatibilityVersion = "Xcode 3.2";
			developmentRegion = English;
			hasScannedForEncodings = 0;
			knownRegions = (
				en,
				Base,
			);
			mainGroup = 09BB90471C1A890500CDBDDB;
			productRefGroup = 09BB90511C1A890500CDBDDB /* Products */;
			projectDirPath = "";
			projectRoot = "";
			targets = (
				09BB904F1C1A890500CDBDDB /* TipCalc */,
			);
		};
/* End PBXProject section */

/* Begin PBXResourcesBuildPhase section */
		09BB904E1C1A890500CDBDDB /* Resources */ = {
			isa = PBXResourcesBuildPhase;
			buildActionMask = 2147483647;
			files = (
				09BB905E1C1A890500CDBDDB /* LaunchScreen.storyboard in Resources */,
				09BB905B1C1A890500CDBDDB /* Assets.xcassets in Resources */,
				09BB90591C1A890500CDBDDB /* Main.storyboard in Resources */,
			);
			runOnlyForDeploymentPostprocessing = 0;
		};
/* End PBXResourcesBuildPhase section */

/* Begin PBXSourcesBuildPhase section */
		09BB904C1C1A890500CDBDDB /* Sources */ = {
			isa = PBXSourcesBuildPhase;
			buildActionMask = 2147483647;
			files = (
				09BB90561C1A890500CDBDDB /* ViewController.swift in Sources */,
				09BB90541C1A890500CDBDDB /* AppDelegate.swift in Sources */,
				0914434D1C1B51CB00147553 /* SettingsViewController.swift in Sources */,
			);
			runOnlyForDeploymentPostprocessing = 0;
		};
/* End PBXSourcesBuildPhase section */

/* Begin PBXVariantGroup section */
		09BB90571C1A890500CDBDDB /* Main.storyboard */ = {
			isa = PBXVariantGroup;
			children = (
				09BB90581C1A890500CDBDDB /* Base */,
			);
			name = Main.storyboard;
			sourceTree = "<group>";
		};
		09BB905C1C1A890500CDBDDB /* LaunchScreen.storyboard */ = {
			isa = PBXVariantGroup;
			children = (
				09BB905D1C1A890500CDBDDB /* Base */,
			);
			name = LaunchScreen.storyboard;
			sourceTree = "<group>";
		};
/* End PBXVariantGroup section */

/* Begin XCBuildConfiguration section */
		09BB90601C1A890500CDBDDB /* Debug */ = {
			isa = XCBuildConfiguration;
			buildSettings = {
				ALWAYS_SEARCH_USER_PATHS = NO;
				CLANG_CXX_LANGUAGE_STANDARD = "gnu++0x";
				CLANG_CXX_LIBRARY = "libc++";
				CLANG_ENABLE_MODULES = YES;
				CLANG_ENABLE_OBJC_ARC = YES;
				CLANG_WARN_BOOL_CONVERSION = YES;
				CLANG_WARN_CONSTANT_CONVERSION = YES;
				CLANG_WARN_DIRECT_OBJC_ISA_USAGE = YES_ERROR;
				CLANG_WARN_EMPTY_BODY = YES;
				CLANG_WARN_ENUM_CONVERSION = YES;
				CLANG_WARN_INT_CONVERSION = YES;
				CLANG_WARN_OBJC_ROOT_CLASS = YES_ERROR;
				CLANG_WARN_UNREACHABLE_CODE = YES;
				CLANG_WARN__DUPLICATE_METHOD_MATCH = YES;
				"CODE_SIGN_IDENTITY[sdk=iphoneos*]" = "iPhone Developer";
				COPY_PHASE_STRIP = NO;
				DEBUG_INFORMATION_FORMAT = dwarf;
				ENABLE_STRICT_OBJC_MSGSEND = YES;
				ENABLE_TESTABILITY = YES;
				GCC_C_LANGUAGE_STANDARD = gnu99;
				GCC_DYNAMIC_NO_PIC = NO;
				GCC_NO_COMMON_BLOCKS = YES;
				GCC_OPTIMIZATION_LEVEL = 0;
				GCC_PREPROCESSOR_DEFINITIONS = (
					"DEBUG=1",
					"$(inherited)",
				);
				GCC_WARN_64_TO_32_BIT_CONVERSION = YES;
				GCC_WARN_ABOUT_RETURN_TYPE = YES_ERROR;
				GCC_WARN_UNDECLARED_SELECTOR = YES;
				GCC_WARN_UNINITIALIZED_AUTOS = YES_AGGRESSIVE;
				GCC_WARN_UNUSED_FUNCTION = YES;
				GCC_WARN_UNUSED_VARIABLE = YES;
				IPHONEOS_DEPLOYMENT_TARGET = 9.2;
				MTL_ENABLE_DEBUG_INFO = YES;
				ONLY_ACTIVE_ARCH = YES;
				SDKROOT = iphoneos;
				SWIFT_OPTIMIZATION_LEVEL = "-Onone";
			};
			name = Debug;
		};
		09BB90611C1A890500CDBDDB /* Release */ = {
			isa = XCBuildConfiguration;
			buildSettings = {
				ALWAYS_SEARCH_USER_PATHS = NO;
				CLANG_CXX_LANGUAGE_STANDARD = "gnu++0x";
				CLANG_CXX_LIBRARY = "libc++";
				CLANG_ENABLE_MODULES = YES;
				CLANG_ENABLE_OBJC_ARC = YES;
				CLANG_WARN_BOOL_CONVERSION = YES;
				CLANG_WARN_CONSTANT_CONVERSION = YES;
				CLANG_WARN_DIRECT_OBJC_ISA_USAGE = YES_ERROR;
				CLANG_WARN_EMPTY_BODY = YES;
				CLANG_WARN_ENUM_CONVERSION = YES;
				CLANG_WARN_INT_CONVERSION = YES;
				CLANG_WARN_OBJC_ROOT_CLASS = YES_ERROR;
				CLANG_WARN_UNREACHABLE_CODE = YES;
				CLANG_WARN__DUPLICATE_METHOD_MATCH = YES;
				"CODE_SIGN_IDENTITY[sdk=iphoneos*]" = "iPhone Developer";
				COPY_PHASE_STRIP = NO;
				DEBUG_INFORMATION_FORMAT = "dwarf-with-dsym";
				ENABLE_NS_ASSERTIONS = NO;
				ENABLE_STRICT_OBJC_MSGSEND = YES;
				GCC_C_LANGUAGE_STANDARD = gnu99;
				GCC_NO_COMMON_BLOCKS = YES;
				GCC_WARN_64_TO_32_BIT_CONVERSION = YES;
				GCC_WARN_ABOUT_RETURN_TYPE = YES_ERROR;
				GCC_WARN_UNDECLARED_SELECTOR = YES;
				GCC_WARN_UNINITIALIZED_AUTOS = YES_AGGRESSIVE;
				GCC_WARN_UNUSED_FUNCTION = YES;
				GCC_WARN_UNUSED_VARIABLE = YES;
				IPHONEOS_DEPLOYMENT_TARGET = 9.2;
				MTL_ENABLE_DEBUG_INFO = NO;
				SDKROOT = iphoneos;
				VALIDATE_PRODUCT = YES;
			};
			name = Release;
		};
		09BB90631C1A890500CDBDDB /* Debug */ = {
			isa = XCBuildConfiguration;
			buildSettings = {
				ASSETCATALOG_COMPILER_APPICON_NAME = AppIcon;
				CODE_SIGN_IDENTITY = "iPhone Developer";
				"CODE_SIGN_IDENTITY[sdk=iphoneos*]" = "iPhone Developer";
				INFOPLIST_FILE = TipCalc/Info.plist;
				LD_RUNPATH_SEARCH_PATHS = "$(inherited) @executable_path/Frameworks";
				PRODUCT_BUNDLE_IDENTIFIER = com.FernandoRodriguez.TipCalc;
				PRODUCT_NAME = "$(TARGET_NAME)";
				PROVISIONING_PROFILE = "";
			};
			name = Debug;
		};
		09BB90641C1A890500CDBDDB /* Release */ = {
			isa = XCBuildConfiguration;
			buildSettings = {
				ASSETCATALOG_COMPILER_APPICON_NAME = AppIcon;
				CODE_SIGN_IDENTITY = "iPhone Developer";
				"CODE_SIGN_IDENTITY[sdk=iphoneos*]" = "iPhone Developer";
				INFOPLIST_FILE = TipCalc/Info.plist;
				LD_RUNPATH_SEARCH_PATHS = "$(inherited) @executable_path/Frameworks";
				PRODUCT_BUNDLE_IDENTIFIER = com.FernandoRodriguez.TipCalc;
				PRODUCT_NAME = "$(TARGET_NAME)";
				PROVISIONING_PROFILE = "";
			};
			name = Release;
		};
/* End XCBuildConfiguration section */

/* Begin XCConfigurationList section */
		09BB904B1C1A890500CDBDDB /* Build configuration list for PBXProject "TipCalc" */ = {
			isa = XCConfigurationList;
			buildConfigurations = (
				09BB90601C1A890500CDBDDB /* Debug */,
				09BB90611C1A890500CDBDDB /* Release */,
			);
			defaultConfigurationIsVisible = 0;
			defaultConfigurationName = Release;
		};
		09BB90621C1A890500CDBDDB /* Build configuration list for PBXNativeTarget "TipCalc" */ = {
			isa = XCConfigurationList;
			buildConfigurations = (
				09BB90631C1A890500CDBDDB /* Debug */,
				09BB90641C1A890500CDBDDB /* Release */,
			);
			defaultConfigurationIsVisible = 0;
			defaultConfigurationName = Release;
		};
/* End XCConfigurationList section */
	};
	rootObject = 09BB90481C1A890500CDBDDB /* Project object */;
}
